
Microsoft Visual Studio Solution File, Format Version 12.00
# Visual Studio Version 17
VisualStudioVersion = 17.8.34511.84
MinimumVisualStudioVersion = 10.0.40219.1
Project("{FAE04EC0-301F-11D3-BF4B-00C04F79EFBC}") = "MDK01.04.PR6", "MDK01.04.PR6.csproj", "{E365651B-C927-4141-A6CE-F33DC62D5EBB}"
EndProject
Global
	GlobalSection(SolutionConfigurationPlatforms) = preSolution
		Debug|Any CPU = Debug|Any CPU
		Release|Any CPU = Release|Any CPU
	EndGlobalSection
	GlobalSection(ProjectConfigurationPlatforms) = postSolution
		{E365651B-C927-4141-A6CE-F33DC62D5EBB}.Debug|Any CPU.ActiveCfg = Debug|Any CPU
		{E365651B-C927-4141-A6CE-F33DC62D5EBB}.Debug|Any CPU.Build.0 = Debug|Any CPU
		{E365651B-C927-4141-A6CE-F33DC62D5EBB}.Release|Any CPU.ActiveCfg = Release|Any CPU
		{E365651B-C927-4141-A6CE-F33DC62D5EBB}.Release|Any CPU.Build.0 = Release|Any CPU
	EndGlobalSection
	GlobalSection(SolutionProperties) = preSolution
		HideSolutionNode = FALSE
	EndGlobalSection
	GlobalSection(ExtensibilityGlobals) = postSolution
		SolutionGuid = {6D6B1FF6-0D8E-466E-B174-41E8E9D2EDC9}
	EndGlobalSection
EndGlobal
